
Microsoft Visual Studio Solution File, Format Version 12.00
# Visual Studio 15
VisualStudioVersion = 15.0.27703.2047
MinimumVisualStudioVersion = 10.0.40219.1
Project("{FAE04EC0-301F-11D3-BF4B-00C04F79EFBC}") = "AppPlaces.Android", "AppPlaces\AppPlaces.Android\AppPlaces.Android.csproj", "{C13735EB-DFFB-4F08-918E-8C3F24E79C5D}"
EndProject
Project("{FAE04EC0-301F-11D3-BF4B-00C04F79EFBC}") = "AppPlaces", "AppPlaces\AppPlaces\AppPlaces.csproj", "{B87616A3-060E-44E7-88F8-024104BBF1FC}"
EndProject
Global
	GlobalSection(SolutionConfigurationPlatforms) = preSolution
		Debug|Any CPU = Debug|Any CPU
		Release|Any CPU = Release|Any CPU
	EndGlobalSection
	GlobalSection(ProjectConfigurationPlatforms) = postSolution
		{C13735EB-DFFB-4F08-918E-8C3F24E79C5D}.Debug|Any CPU.ActiveCfg = Debug|Any CPU
		{C13735EB-DFFB-4F08-918E-8C3F24E79C5D}.Debug|Any CPU.Build.0 = Debug|Any CPU
		{C13735EB-DFFB-4F08-918E-8C3F24E79C5D}.Debug|Any CPU.Deploy.0 = Debug|Any CPU
		{C13735EB-DFFB-4F08-918E-8C3F24E79C5D}.Release|Any CPU.ActiveCfg = Release|Any CPU
		{C13735EB-DFFB-4F08-918E-8C3F24E79C5D}.Release|Any CPU.Build.0 = Release|Any CPU
		{C13735EB-DFFB-4F08-918E-8C3F24E79C5D}.Release|Any CPU.Deploy.0 = Release|Any CPU
		{B87616A3-060E-44E7-88F8-024104BBF1FC}.Debug|Any CPU.ActiveCfg = Debug|Any CPU
		{B87616A3-060E-44E7-88F8-024104BBF1FC}.Debug|Any CPU.Build.0 = Debug|Any CPU
		{B87616A3-060E-44E7-88F8-024104BBF1FC}.Debug|Any CPU.Deploy.0 = Debug|Any CPU
		{B87616A3-060E-44E7-88F8-024104BBF1FC}.Release|Any CPU.ActiveCfg = Release|Any CPU
		{B87616A3-060E-44E7-88F8-024104BBF1FC}.Release|Any CPU.Build.0 = Release|Any CPU
		{B87616A3-060E-44E7-88F8-024104BBF1FC}.Release|Any CPU.Deploy.0 = Release|Any CPU
	EndGlobalSection
	GlobalSection(SolutionProperties) = preSolution
		HideSolutionNode = FALSE
	EndGlobalSection
	GlobalSection(ExtensibilityGlobals) = postSolution
		SolutionGuid = {2DC51582-6148-43BE-9DEB-F66EBD37CFD2}
	EndGlobalSection
EndGlobal
